
Microsoft Visual Studio Solution File, Format Version 12.00
# Visual Studio Version 17
VisualStudioVersion = 17.13.35818.85 d17.13
MinimumVisualStudioVersion = 10.0.40219.1
Project("{FAE04EC0-301F-11D3-BF4B-00C04F79EFBC}") = "tpmodul10_103022300060", "tpmodul10_103022300060\tpmodul10_103022300060.csproj", "{7A2D6CC0-A0BD-43F8-AF45-155C83302E94}"
EndProject
Global
	GlobalSection(SolutionConfigurationPlatforms) = preSolution
		Debug|Any CPU = Debug|Any CPU
		Release|Any CPU = Release|Any CPU
	EndGlobalSection
	GlobalSection(ProjectConfigurationPlatforms) = postSolution
		{7A2D6CC0-A0BD-43F8-AF45-155C83302E94}.Debug|Any CPU.ActiveCfg = Debug|Any CPU
		{7A2D6CC0-A0BD-43F8-AF45-155C83302E94}.Debug|Any CPU.Build.0 = Debug|Any CPU
		{7A2D6CC0-A0BD-43F8-AF45-155C83302E94}.Release|Any CPU.ActiveCfg = Release|Any CPU
		{7A2D6CC0-A0BD-43F8-AF45-155C83302E94}.Release|Any CPU.Build.0 = Release|Any CPU
	EndGlobalSection
	GlobalSection(SolutionProperties) = preSolution
		HideSolutionNode = FALSE
	EndGlobalSection
	GlobalSection(ExtensibilityGlobals) = postSolution
		SolutionGuid = {79054ED2-C3D0-4EE9-A2B3-ADB17774EF35}
	EndGlobalSection
EndGlobal
